
Microsoft Visual Studio Solution File, Format Version 12.00
# Visual Studio 15
VisualStudioVersion = 15.0.26124.0
MinimumVisualStudioVersion = 15.0.26124.0
Project("{FAE04EC0-301F-11D3-BF4B-00C04F79EFBC}") = "LastSundaysInYear.App", "LastSundaysInYear.App\LastSundaysInYear.App.csproj", "{73C22C7E-5722-4D10-A22C-D3A01D61F68E}"
EndProject
Project("{FAE04EC0-301F-11D3-BF4B-00C04F79EFBC}") = "LastSundaysInYear.Library", "LastSundaysInYear.Library\LastSundaysInYear.Library.csproj", "{15523797-8684-412F-8636-7543CC0C6AAE}"
EndProject
Project("{FAE04EC0-301F-11D3-BF4B-00C04F79EFBC}") = "LastSundaysInYear.Specs", "LastSundaysInYear.Specs\LastSundaysInYear.Specs.csproj", "{1B7FAB45-66EB-405B-A6A2-D4A6DB7F7B47}"
EndProject
Global
	GlobalSection(SolutionConfigurationPlatforms) = preSolution
		Debug|Any CPU = Debug|Any CPU
		Debug|x64 = Debug|x64
		Debug|x86 = Debug|x86
		Release|Any CPU = Release|Any CPU
		Release|x64 = Release|x64
		Release|x86 = Release|x86
	EndGlobalSection
	GlobalSection(SolutionProperties) = preSolution
		HideSolutionNode = FALSE
	EndGlobalSection
	GlobalSection(ProjectConfigurationPlatforms) = postSolution
		{73C22C7E-5722-4D10-A22C-D3A01D61F68E}.Debug|Any CPU.ActiveCfg = Debug|Any CPU
		{73C22C7E-5722-4D10-A22C-D3A01D61F68E}.Debug|Any CPU.Build.0 = Debug|Any CPU
		{73C22C7E-5722-4D10-A22C-D3A01D61F68E}.Debug|x64.ActiveCfg = Debug|Any CPU
		{73C22C7E-5722-4D10-A22C-D3A01D61F68E}.Debug|x64.Build.0 = Debug|Any CPU
		{73C22C7E-5722-4D10-A22C-D3A01D61F68E}.Debug|x86.ActiveCfg = Debug|Any CPU
		{73C22C7E-5722-4D10-A22C-D3A01D61F68E}.Debug|x86.Build.0 = Debug|Any CPU
		{73C22C7E-5722-4D10-A22C-D3A01D61F68E}.Release|Any CPU.ActiveCfg = Release|Any CPU
		{73C22C7E-5722-4D10-A22C-D3A01D61F68E}.Release|Any CPU.Build.0 = Release|Any CPU
		{73C22C7E-5722-4D10-A22C-D3A01D61F68E}.Release|x64.ActiveCfg = Release|Any CPU
		{73C22C7E-5722-4D10-A22C-D3A01D61F68E}.Release|x64.Build.0 = Release|Any CPU
		{73C22C7E-5722-4D10-A22C-D3A01D61F68E}.Release|x86.ActiveCfg = Release|Any CPU
		{73C22C7E-5722-4D10-A22C-D3A01D61F68E}.Release|x86.Build.0 = Release|Any CPU
		{15523797-8684-412F-8636-7543CC0C6AAE}.Debug|Any CPU.ActiveCfg = Debug|Any CPU
		{15523797-8684-412F-8636-7543CC0C6AAE}.Debug|Any CPU.Build.0 = Debug|Any CPU
		{15523797-8684-412F-8636-7543CC0C6AAE}.Debug|x64.ActiveCfg = Debug|Any CPU
		{15523797-8684-412F-8636-7543CC0C6AAE}.Debug|x64.Build.0 = Debug|Any CPU
		{15523797-8684-412F-8636-7543CC0C6AAE}.Debug|x86.ActiveCfg = Debug|Any CPU
		{15523797-8684-412F-8636-7543CC0C6AAE}.Debug|x86.Build.0 = Debug|Any CPU
		{15523797-8684-412F-8636-7543CC0C6AAE}.Release|Any CPU.ActiveCfg = Release|Any CPU
		{15523797-8684-412F-8636-7543CC0C6AAE}.Release|Any CPU.Build.0 = Release|Any CPU
		{15523797-8684-412F-8636-7543CC0C6AAE}.Release|x64.ActiveCfg = Release|Any CPU
		{15523797-8684-412F-8636-7543CC0C6AAE}.Release|x64.Build.0 = Release|Any CPU
		{15523797-8684-412F-8636-7543CC0C6AAE}.Release|x86.ActiveCfg = Release|Any CPU
		{15523797-8684-412F-8636-7543CC0C6AAE}.Release|x86.Build.0 = Release|Any CPU
		{1B7FAB45-66EB-405B-A6A2-D4A6DB7F7B47}.Debug|Any CPU.ActiveCfg = Debug|Any CPU
		{1B7FAB45-66EB-405B-A6A2-D4A6DB7F7B47}.Debug|Any CPU.Build.0 = Debug|Any CPU
		{1B7FAB45-66EB-405B-A6A2-D4A6DB7F7B47}.Debug|x64.ActiveCfg = Debug|Any CPU
		{1B7FAB45-66EB-405B-A6A2-D4A6DB7F7B47}.Debug|x64.Build.0 = Debug|Any CPU
		{1B7FAB45-66EB-405B-A6A2-D4A6DB7F7B47}.Debug|x86.ActiveCfg = Debug|Any CPU
		{1B7FAB45-66EB-405B-A6A2-D4A6DB7F7B47}.Debug|x86.Build.0 = Debug|Any CPU
		{1B7FAB45-66EB-405B-A6A2-D4A6DB7F7B47}.Release|Any CPU.ActiveCfg = Release|Any CPU
		{1B7FAB45-66EB-405B-A6A2-D4A6DB7F7B47}.Release|Any CPU.Build.0 = Release|Any CPU
		{1B7FAB45-66EB-405B-A6A2-D4A6DB7F7B47}.Release|x64.ActiveCfg = Release|Any CPU
		{1B7FAB45-66EB-405B-A6A2-D4A6DB7F7B47}.Release|x64.Build.0 = Release|Any CPU
		{1B7FAB45-66EB-405B-A6A2-D4A6DB7F7B47}.Release|x86.ActiveCfg = Release|Any CPU
		{1B7FAB45-66EB-405B-A6A2-D4A6DB7F7B47}.Release|x86.Build.0 = Release|Any CPU
	EndGlobalSection
EndGlobal
